
Microsoft Visual Studio Solution File, Format Version 12.00
# Visual Studio 15
VisualStudioVersion = 15.0.27703.2035
MinimumVisualStudioVersion = 10.0.40219.1
Project("{FAE04EC0-301F-11D3-BF4B-00C04F79EFBC}") = "GameCore", "GameCore\GameCore.csproj", "{EF08A64D-3148-4C30-948F-78F24B9351BB}"
EndProject
Project("{FAE04EC0-301F-11D3-BF4B-00C04F79EFBC}") = "GameCore.Specs", "GameCore.Specs\GameCore.Specs.csproj", "{C6721CAA-4B4C-4623-BA88-8336C5E5E912}"
EndProject
Global
	GlobalSection(SolutionConfigurationPlatforms) = preSolution
		Debug|Any CPU = Debug|Any CPU
		Debug|ARM = Debug|ARM
		Debug|x64 = Debug|x64
		Debug|x86 = Debug|x86
		Release|Any CPU = Release|Any CPU
		Release|ARM = Release|ARM
		Release|x64 = Release|x64
		Release|x86 = Release|x86
	EndGlobalSection
	GlobalSection(ProjectConfigurationPlatforms) = postSolution
		{EF08A64D-3148-4C30-948F-78F24B9351BB}.Debug|Any CPU.ActiveCfg = Debug|Any CPU
		{EF08A64D-3148-4C30-948F-78F24B9351BB}.Debug|Any CPU.Build.0 = Debug|Any CPU
		{EF08A64D-3148-4C30-948F-78F24B9351BB}.Debug|ARM.ActiveCfg = Debug|Any CPU
		{EF08A64D-3148-4C30-948F-78F24B9351BB}.Debug|ARM.Build.0 = Debug|Any CPU
		{EF08A64D-3148-4C30-948F-78F24B9351BB}.Debug|x64.ActiveCfg = Debug|Any CPU
		{EF08A64D-3148-4C30-948F-78F24B9351BB}.Debug|x64.Build.0 = Debug|Any CPU
		{EF08A64D-3148-4C30-948F-78F24B9351BB}.Debug|x86.ActiveCfg = Debug|Any CPU
		{EF08A64D-3148-4C30-948F-78F24B9351BB}.Debug|x86.Build.0 = Debug|Any CPU
		{EF08A64D-3148-4C30-948F-78F24B9351BB}.Release|Any CPU.ActiveCfg = Release|Any CPU
		{EF08A64D-3148-4C30-948F-78F24B9351BB}.Release|Any CPU.Build.0 = Release|Any CPU
		{EF08A64D-3148-4C30-948F-78F24B9351BB}.Release|ARM.ActiveCfg = Release|Any CPU
		{EF08A64D-3148-4C30-948F-78F24B9351BB}.Release|ARM.Build.0 = Release|Any CPU
		{EF08A64D-3148-4C30-948F-78F24B9351BB}.Release|x64.ActiveCfg = Release|Any CPU
		{EF08A64D-3148-4C30-948F-78F24B9351BB}.Release|x64.Build.0 = Release|Any CPU
		{EF08A64D-3148-4C30-948F-78F24B9351BB}.Release|x86.ActiveCfg = Release|Any CPU
		{EF08A64D-3148-4C30-948F-78F24B9351BB}.Release|x86.Build.0 = Release|Any CPU
		{C6721CAA-4B4C-4623-BA88-8336C5E5E912}.Debug|Any CPU.ActiveCfg = Debug|Any CPU
		{C6721CAA-4B4C-4623-BA88-8336C5E5E912}.Debug|Any CPU.Build.0 = Debug|Any CPU
		{C6721CAA-4B4C-4623-BA88-8336C5E5E912}.Debug|ARM.ActiveCfg = Debug|Any CPU
		{C6721CAA-4B4C-4623-BA88-8336C5E5E912}.Debug|ARM.Build.0 = Debug|Any CPU
		{C6721CAA-4B4C-4623-BA88-8336C5E5E912}.Debug|x64.ActiveCfg = Debug|Any CPU
		{C6721CAA-4B4C-4623-BA88-8336C5E5E912}.Debug|x64.Build.0 = Debug|Any CPU
		{C6721CAA-4B4C-4623-BA88-8336C5E5E912}.Debug|x86.ActiveCfg = Debug|Any CPU
		{C6721CAA-4B4C-4623-BA88-8336C5E5E912}.Debug|x86.Build.0 = Debug|Any CPU
		{C6721CAA-4B4C-4623-BA88-8336C5E5E912}.Release|Any CPU.ActiveCfg = Release|Any CPU
		{C6721CAA-4B4C-4623-BA88-8336C5E5E912}.Release|Any CPU.Build.0 = Release|Any CPU
		{C6721CAA-4B4C-4623-BA88-8336C5E5E912}.Release|ARM.ActiveCfg = Release|Any CPU
		{C6721CAA-4B4C-4623-BA88-8336C5E5E912}.Release|ARM.Build.0 = Release|Any CPU
		{C6721CAA-4B4C-4623-BA88-8336C5E5E912}.Release|x64.ActiveCfg = Release|Any CPU
		{C6721CAA-4B4C-4623-BA88-8336C5E5E912}.Release|x64.Build.0 = Release|Any CPU
		{C6721CAA-4B4C-4623-BA88-8336C5E5E912}.Release|x86.ActiveCfg = Release|Any CPU
		{C6721CAA-4B4C-4623-BA88-8336C5E5E912}.Release|x86.Build.0 = Release|Any CPU
	EndGlobalSection
	GlobalSection(SolutionProperties) = preSolution
		HideSolutionNode = FALSE
	EndGlobalSection
	GlobalSection(ExtensibilityGlobals) = postSolution
		SolutionGuid = {FAA34059-39EB-4D04-9491-C53A6B79FA6C}
	EndGlobalSection
EndGlobal
